
Microsoft Visual Studio Solution File, Format Version 12.00
# Visual Studio Version 17
VisualStudioVersion = 17.11.35312.102
MinimumVisualStudioVersion = 10.0.40219.1
Project("{FAE04EC0-301F-11D3-BF4B-00C04F79EFBC}") = "ShapeLib", "ShapeLib.csproj", "{4EA80083-3C71-4221-9F19-C65E9264F335}"
EndProject
Project("{FAE04EC0-301F-11D3-BF4B-00C04F79EFBC}") = "ShapeLibTests", "..\ShapeLibTests\ShapeLibTests.csproj", "{28E3C859-9A8F-4EC4-B622-8443A147362A}"
EndProject
Global
	GlobalSection(SolutionConfigurationPlatforms) = preSolution
		Debug|Any CPU = Debug|Any CPU
		Release|Any CPU = Release|Any CPU
	EndGlobalSection
	GlobalSection(ProjectConfigurationPlatforms) = postSolution
		{4EA80083-3C71-4221-9F19-C65E9264F335}.Debug|Any CPU.ActiveCfg = Debug|Any CPU
		{4EA80083-3C71-4221-9F19-C65E9264F335}.Debug|Any CPU.Build.0 = Debug|Any CPU
		{4EA80083-3C71-4221-9F19-C65E9264F335}.Release|Any CPU.ActiveCfg = Release|Any CPU
		{4EA80083-3C71-4221-9F19-C65E9264F335}.Release|Any CPU.Build.0 = Release|Any CPU
		{28E3C859-9A8F-4EC4-B622-8443A147362A}.Debug|Any CPU.ActiveCfg = Debug|Any CPU
		{28E3C859-9A8F-4EC4-B622-8443A147362A}.Debug|Any CPU.Build.0 = Debug|Any CPU
		{28E3C859-9A8F-4EC4-B622-8443A147362A}.Release|Any CPU.ActiveCfg = Release|Any CPU
		{28E3C859-9A8F-4EC4-B622-8443A147362A}.Release|Any CPU.Build.0 = Release|Any CPU
	EndGlobalSection
	GlobalSection(SolutionProperties) = preSolution
		HideSolutionNode = FALSE
	EndGlobalSection
	GlobalSection(ExtensibilityGlobals) = postSolution
		SolutionGuid = {DEB9D4B9-BEFC-4DCA-AA96-F2FCC1B75C02}
	EndGlobalSection
EndGlobal
